// !$*UTF8*$!
{
	archiveVersion = 1;
	classes = {
	};
	objectVersion = 77;
	objects = {

/* Begin PBXContainerItemProxy section */
		E9027F0F2D91758A00EB4BA2 /* PBXContainerItemProxy */ = {
			isa = PBXContainerItemProxy;
			containerPortal = E9027EF12D91758900EB4BA2 /* Project object */;
			proxyType = 1;
			remoteGlobalIDString = E9027EF82D91758900EB4BA2;
			remoteInfo = BookxpertAppSwiftUI;
		};
		E9027F192D91758A00EB4BA2 /* PBXContainerItemProxy */ = {
			isa = PBXContainerItemProxy;
			containerPortal = E9027EF12D91758900EB4BA2 /* Project object */;
			proxyType = 1;
			remoteGlobalIDString = E9027EF82D91758900EB4BA2;
			remoteInfo = BookxpertAppSwiftUI;
		};
/* End PBXContainerItemProxy section */

/* Begin PBXFileReference section */
		E9027EF92D91758900EB4BA2 /* BookxpertAppSwiftUI.app */ = {isa = PBXFileReference; explicitFileType = wrapper.application; includeInIndex = 0; path = BookxpertAppSwiftUI.app; sourceTree = BUILT_PRODUCTS_DIR; };
		E9027F0E2D91758A00EB4BA2 /* BookxpertAppSwiftUITests.xctest */ = {isa = PBXFileReference; explicitFileType = wrapper.cfbundle; includeInIndex = 0; path = BookxpertAppSwiftUITests.xctest; sourceTree = BUILT_PRODUCTS_DIR; };
		E9027F182D91758A00EB4BA2 /* BookxpertAppSwiftUIUITests.xctest */ = {isa = PBXFileReference; explicitFileType = wrapper.cfbundle; includeInIndex = 0; path = BookxpertAppSwiftUIUITests.xctest; sourceTree = BUILT_PRODUCTS_DIR; };
/* End PBXFileReference section */

/* Begin PBXFileSystemSynchronizedRootGroup section */
		E9027EFB2D91758900EB4BA2 /* BookxpertAppSwiftUI */ = {
			isa = PBXFileSystemSynchronizedRootGroup;
			path = BookxpertAppSwiftUI;
			sourceTree = "<group>";
		};
		E9027F112D91758A00EB4BA2 /* BookxpertAppSwiftUITests */ = {
			isa = PBXFileSystemSynchronizedRootGroup;
			path = BookxpertAppSwiftUITests;
			sourceTree = "<group>";
		};
		E9027F1B2D91758A00EB4BA2 /* BookxpertAppSwiftUIUITests */ = {
			isa = PBXFileSystemSynchronizedRootGroup;
			path = BookxpertAppSwiftUIUITests;
			sourceTree = "<group>";
		};
/* End PBXFileSystemSynchronizedRootGroup section */

/* Begin PBXFrameworksBuildPhase section */
		E9027EF62D91758900EB4BA2 /* Frameworks */ = {
			isa = PBXFrameworksBuildPhase;
			buildActionMask = 2147483647;
			files = (
			);
			runOnlyForDeploymentPostprocessing = 0;
		};
		E9027F0B2D91758A00EB4BA2 /* Frameworks */ = {
			isa = PBXFrameworksBuildPhase;
			buildActionMask = 2147483647;
			files = (
			);
			runOnlyForDeploymentPostprocessing = 0;
		};
		E9027F152D91758A00EB4BA2 /* Frameworks */ = {
			isa = PBXFrameworksBuildPhase;
			buildActionMask = 2147483647;
			files = (
			);
			runOnlyForDeploymentPostprocessing = 0;
		};
/* End PBXFrameworksBuildPhase section */

/* Begin PBXGroup section */
		E9027EF02D91758900EB4BA2 = {
			isa = PBXGroup;
			children = (
				E9027EFB2D91758900EB4BA2 /* BookxpertAppSwiftUI */,
				E9027F112D91758A00EB4BA2 /* BookxpertAppSwiftUITests */,
				E9027F1B2D91758A00EB4BA2 /* BookxpertAppSwiftUIUITests */,
				E9027EFA2D91758900EB4BA2 /* Products */,
			);
			sourceTree = "<group>";
		};
		E9027EFA2D91758900EB4BA2 /* Products */ = {
			isa = PBXGroup;
			children = (
				E9027EF92D91758900EB4BA2 /* BookxpertAppSwiftUI.app */,
				E9027F0E2D91758A00EB4BA2 /* BookxpertAppSwiftUITests.xctest */,
				E9027F182D91758A00EB4BA2 /* BookxpertAppSwiftUIUITests.xctest */,
			);
			name = Products;
			sourceTree = "<group>";
		};
/* End PBXGroup section */

/* Begin PBXNativeTarget section */
		E9027EF82D91758900EB4BA2 /* BookxpertAppSwiftUI */ = {
			isa = PBXNativeTarget;
			buildConfigurationList = E9027F222D91758A00EB4BA2 /* Build configuration list for PBXNativeTarget "BookxpertAppSwiftUI" */;
			buildPhases = (
				E9027EF52D91758900EB4BA2 /* Sources */,
				E9027EF62D91758900EB4BA2 /* Frameworks */,
				E9027EF72D91758900EB4BA2 /* Resources */,
			);
			buildRules = (
			);
			dependencies = (
			);
			fileSystemSynchronizedGroups = (
				E9027EFB2D91758900EB4BA2 /* BookxpertAppSwiftUI */,
			);
			name = BookxpertAppSwiftUI;
			packageProductDependencies = (
			);
			productName = BookxpertAppSwiftUI;
			productReference = E9027EF92D91758900EB4BA2 /* BookxpertAppSwiftUI.app */;
			productType = "com.apple.product-type.application";
		};
		E9027F0D2D91758A00EB4BA2 /* BookxpertAppSwiftUITests */ = {
			isa = PBXNativeTarget;
			buildConfigurationList = E9027F252D91758A00EB4BA2 /* Build configuration list for PBXNativeTarget "BookxpertAppSwiftUITests" */;
			buildPhases = (
				E9027F0A2D91758A00EB4BA2 /* Sources */,
				E9027F0B2D91758A00EB4BA2 /* Frameworks */,
				E9027F0C2D91758A00EB4BA2 /* Resources */,
			);
			buildRules = (
			);
			dependencies = (
				E9027F102D91758A00EB4BA2 /* PBXTargetDependency */,
			);
			fileSystemSynchronizedGroups = (
				E9027F112D91758A00EB4BA2 /* BookxpertAppSwiftUITests */,
			);
			name = BookxpertAppSwiftUITests;
			packageProductDependencies = (
			);
			productName = BookxpertAppSwiftUITests;
			productReference = E9027F0E2D91758A00EB4BA2 /* BookxpertAppSwiftUITests.xctest */;
			productType = "com.apple.product-type.bundle.unit-test";
		};
		E9027F172D91758A00EB4BA2 /* BookxpertAppSwiftUIUITests */ = {
			isa = PBXNativeTarget;
			buildConfigurationList = E9027F282D91758A00EB4BA2 /* Build configuration list for PBXNativeTarget "BookxpertAppSwiftUIUITests" */;
			buildPhases = (
				E9027F142D91758A00EB4BA2 /* Sources */,
				E9027F152D91758A00EB4BA2 /* Frameworks */,
				E9027F162D91758A00EB4BA2 /* Resources */,
			);
			buildRules = (
			);
			dependencies = (
				E9027F1A2D91758A00EB4BA2 /* PBXTargetDependency */,
			);
			fileSystemSynchronizedGroups = (
				E9027F1B2D91758A00EB4BA2 /* BookxpertAppSwiftUIUITests */,
			);
			name = BookxpertAppSwiftUIUITests;
			packageProductDependencies = (
			);
			productName = BookxpertAppSwiftUIUITests;
			productReference = E9027F182D91758A00EB4BA2 /* BookxpertAppSwiftUIUITests.xctest */;
			productType = "com.apple.product-type.bundle.ui-testing";
		};
/* End PBXNativeTarget section */

/* Begin PBXProject section */
		E9027EF12D91758900EB4BA2 /* Project object */ = {
			isa = PBXProject;
			attributes = {
				BuildIndependentTargetsInParallel = 1;
				LastSwiftUpdateCheck = 1620;
				LastUpgradeCheck = 1620;
				TargetAttributes = {
					E9027EF82D91758900EB4BA2 = {
						CreatedOnToolsVersion = 16.2;
					};
					E9027F0D2D91758A00EB4BA2 = {
						CreatedOnToolsVersion = 16.2;
						TestTargetID = E9027EF82D91758900EB4BA2;
					};
					E9027F172D91758A00EB4BA2 = {
						CreatedOnToolsVersion = 16.2;
						TestTargetID = E9027EF82D91758900EB4BA2;
					};
				};
			};
			buildConfigurationList = E9027EF42D91758900EB4BA2 /* Build configuration list for PBXProject "BookxpertAppSwiftUI" */;
			developmentRegion = en;
			hasScannedForEncodings = 0;
			knownRegions = (
				en,
				Base,
			);
			mainGroup = E9027EF02D91758900EB4BA2;
			minimizedProjectReferenceProxies = 1;
			preferredProjectObjectVersion = 77;
			productRefGroup = E9027EFA2D91758900EB4BA2 /* Products */;
			projectDirPath = "";
			projectRoot = "";
			targets = (
				E9027EF82D91758900EB4BA2 /* BookxpertAppSwiftUI */,
				E9027F0D2D91758A00EB4BA2 /* BookxpertAppSwiftUITests */,
				E9027F172D91758A00EB4BA2 /* BookxpertAppSwiftUIUITests */,
			);
		};
/* End PBXProject section */

/* Begin PBXResourcesBuildPhase section */
		E9027EF72D91758900EB4BA2 /* Resources */ = {
			isa = PBXResourcesBuildPhase;
			buildActionMask = 2147483647;
			files = (
			);
			runOnlyForDeploymentPostprocessing = 0;
		};
		E9027F0C2D91758A00EB4BA2 /* Resources */ = {
			isa = PBXResourcesBuildPhase;
			buildActionMask = 2147483647;
			files = (
			);
			runOnlyForDeploymentPostprocessing = 0;
		};
		E9027F162D91758A00EB4BA2 /* Resources */ = {
			isa = PBXResourcesBuildPhase;
			buildActionMask = 2147483647;
			files = (
			);
			runOnlyForDeploymentPostprocessing = 0;
		};
/* End PBXResourcesBuildPhase section */

/* Begin PBXSourcesBuildPhase section */
		E9027EF52D91758900EB4BA2 /* Sources */ = {
			isa = PBXSourcesBuildPhase;
			buildActionMask = 2147483647;
			files = (
			);
			runOnlyForDeploymentPostprocessing = 0;
		};
		E9027F0A2D91758A00EB4BA2 /* Sources */ = {
			isa = PBXSourcesBuildPhase;
			buildActionMask = 2147483647;
			files = (
			);
			runOnlyForDeploymentPostprocessing = 0;
		};
		E9027F142D91758A00EB4BA2 /* Sources */ = {
			isa = PBXSourcesBuildPhase;
			buildActionMask = 2147483647;
			files = (
			);
			runOnlyForDeploymentPostprocessing = 0;
		};
/* End PBXSourcesBuildPhase section */

/* Begin PBXTargetDependency section */
		E9027F102D91758A00EB4BA2 /* PBXTargetDependency */ = {
			isa = PBXTargetDependency;
			target = E9027EF82D91758900EB4BA2 /* BookxpertAppSwiftUI */;
			targetProxy = E9027F0F2D91758A00EB4BA2 /* PBXContainerItemProxy */;
		};
		E9027F1A2D91758A00EB4BA2 /* PBXTargetDependency */ = {
			isa = PBXTargetDependency;
			target = E9027EF82D91758900EB4BA2 /* BookxpertAppSwiftUI */;
			targetProxy = E9027F192D91758A00EB4BA2 /* PBXContainerItemProxy */;
		};
/* End PBXTargetDependency section */

/* Begin XCBuildConfiguration section */
		E9027F202D91758A00EB4BA2 /* Debug */ = {
			isa = XCBuildConfiguration;
			buildSettings = {
				ALWAYS_SEARCH_USER_PATHS = NO;
				ASSETCATALOG_COMPILER_GENERATE_SWIFT_ASSET_SYMBOL_EXTENSIONS = YES;
				CLANG_ANALYZER_NONNULL = YES;
				CLANG_ANALYZER_NUMBER_OBJECT_CONVERSION = YES_AGGRESSIVE;
				CLANG_CXX_LANGUAGE_STANDARD = "gnu++20";
				CLANG_ENABLE_MODULES = YES;
				CLANG_ENABLE_OBJC_ARC = YES;
				CLANG_ENABLE_OBJC_WEAK = YES;
				CLANG_WARN_BLOCK_CAPTURE_AUTORELEASING = YES;
				CLANG_WARN_BOOL_CONVERSION = YES;
				CLANG_WARN_COMMA = YES;
				CLANG_WARN_CONSTANT_CONVERSION = YES;
				CLANG_WARN_DEPRECATED_OBJC_IMPLEMENTATIONS = YES;
				CLANG_WARN_DIRECT_OBJC_ISA_USAGE = YES_ERROR;
				CLANG_WARN_DOCUMENTATION_COMMENTS = YES;
				CLANG_WARN_EMPTY_BODY = YES;
				CLANG_WARN_ENUM_CONVERSION = YES;
				CLANG_WARN_INFINITE_RECURSION = YES;
				CLANG_WARN_INT_CONVERSION = YES;
				CLANG_WARN_NON_LITERAL_NULL_CONVERSION = YES;
				CLANG_WARN_OBJC_IMPLICIT_RETAIN_SELF = YES;
				CLANG_WARN_OBJC_LITERAL_CONVERSION = YES;
				CLANG_WARN_OBJC_ROOT_CLASS = YES_ERROR;
				CLANG_WARN_QUOTED_INCLUDE_IN_FRAMEWORK_HEADER = YES;
				CLANG_WARN_RANGE_LOOP_ANALYSIS = YES;
				CLANG_WARN_STRICT_PROTOTYPES = YES;
				CLANG_WARN_SUSPICIOUS_MOVE = YES;
				CLANG_WARN_UNGUARDED_AVAILABILITY = YES_AGGRESSIVE;
				CLANG_WARN_UNREACHABLE_CODE = YES;
				CLANG_WARN__DUPLICATE_METHOD_MATCH = YES;
				COPY_PHASE_STRIP = NO;
				DEBUG_INFORMATION_FORMAT = dwarf;
				ENABLE_STRICT_OBJC_MSGSEND = YES;
				ENABLE_TESTABILITY = YES;
				ENABLE_USER_SCRIPT_SANDBOXING = YES;
				GCC_C_LANGUAGE_STANDARD = gnu17;
				GCC_DYNAMIC_NO_PIC = NO;
				GCC_NO_COMMON_BLOCKS = YES;
				GCC_OPTIMIZATION_LEVEL = 0;
				GCC_PREPROCESSOR_DEFINITIONS = (
					"DEBUG=1",
					"$(inherited)",
				);
				GCC_WARN_64_TO_32_BIT_CONVERSION = YES;
				GCC_WARN_ABOUT_RETURN_TYPE = YES_ERROR;
				GCC_WARN_UNDECLARED_SELECTOR = YES;
				GCC_WARN_UNINITIALIZED_AUTOS = YES_AGGRESSIVE;
				GCC_WARN_UNUSED_FUNCTION = YES;
				GCC_WARN_UNUSED_VARIABLE = YES;
				IPHONEOS_DEPLOYMENT_TARGET = 18.2;
				LOCALIZATION_PREFERS_STRING_CATALOGS = YES;
				MTL_ENABLE_DEBUG_INFO = INCLUDE_SOURCE;
				MTL_FAST_MATH = YES;
				ONLY_ACTIVE_ARCH = YES;
				SDKROOT = iphoneos;
				SWIFT_ACTIVE_COMPILATION_CONDITIONS = "DEBUG $(inherited)";
				SWIFT_OPTIMIZATION_LEVEL = "-Onone";
			};
			name = Debug;
		};
		E9027F212D91758A00EB4BA2 /* Release */ = {
			isa = XCBuildConfiguration;
			buildSettings = {
				ALWAYS_SEARCH_USER_PATHS = NO;
				ASSETCATALOG_COMPILER_GENERATE_SWIFT_ASSET_SYMBOL_EXTENSIONS = YES;
				CLANG_ANALYZER_NONNULL = YES;
				CLANG_ANALYZER_NUMBER_OBJECT_CONVERSION = YES_AGGRESSIVE;
				CLANG_CXX_LANGUAGE_STANDARD = "gnu++20";
				CLANG_ENABLE_MODULES = YES;
				CLANG_ENABLE_OBJC_ARC = YES;
				CLANG_ENABLE_OBJC_WEAK = YES;
				CLANG_WARN_BLOCK_CAPTURE_AUTORELEASING = YES;
				CLANG_WARN_BOOL_CONVERSION = YES;
				CLANG_WARN_COMMA = YES;
				CLANG_WARN_CONSTANT_CONVERSION = YES;
				CLANG_WARN_DEPRECATED_OBJC_IMPLEMENTATIONS = YES;
				CLANG_WARN_DIRECT_OBJC_ISA_USAGE = YES_ERROR;
				CLANG_WARN_DOCUMENTATION_COMMENTS = YES;
				CLANG_WARN_EMPTY_BODY = YES;
				CLANG_WARN_ENUM_CONVERSION = YES;
				CLANG_WARN_INFINITE_RECURSION = YES;
				CLANG_WARN_INT_CONVERSION = YES;
				CLANG_WARN_NON_LITERAL_NULL_CONVERSION = YES;
				CLANG_WARN_OBJC_IMPLICIT_RETAIN_SELF = YES;
				CLANG_WARN_OBJC_LITERAL_CONVERSION = YES;
				CLANG_WARN_OBJC_ROOT_CLASS = YES_ERROR;
				CLANG_WARN_QUOTED_INCLUDE_IN_FRAMEWORK_HEADER = YES;
				CLANG_WARN_RANGE_LOOP_ANALYSIS = YES;
				CLANG_WARN_STRICT_PROTOTYPES = YES;
				CLANG_WARN_SUSPICIOUS_MOVE = YES;
				CLANG_WARN_UNGUARDED_AVAILABILITY = YES_AGGRESSIVE;
				CLANG_WARN_UNREACHABLE_CODE = YES;
				CLANG_WARN__DUPLICATE_METHOD_MATCH = YES;
				COPY_PHASE_STRIP = NO;
				DEBUG_INFORMATION_FORMAT = "dwarf-with-dsym";
				ENABLE_NS_ASSERTIONS = NO;
				ENABLE_STRICT_OBJC_MSGSEND = YES;
				ENABLE_USER_SCRIPT_SANDBOXING = YES;
				GCC_C_LANGUAGE_STANDARD = gnu17;
				GCC_NO_COMMON_BLOCKS = YES;
				GCC_WARN_64_TO_32_BIT_CONVERSION = YES;
				GCC_WARN_ABOUT_RETURN_TYPE = YES_ERROR;
				GCC_WARN_UNDECLARED_SELECTOR = YES;
				GCC_WARN_UNINITIALIZED_AUTOS = YES_AGGRESSIVE;
				GCC_WARN_UNUSED_FUNCTION = YES;
				GCC_WARN_UNUSED_VARIABLE = YES;
				IPHONEOS_DEPLOYMENT_TARGET = 18.2;
				LOCALIZATION_PREFERS_STRING_CATALOGS = YES;
				MTL_ENABLE_DEBUG_INFO = NO;
				MTL_FAST_MATH = YES;
				SDKROOT = iphoneos;
				SWIFT_COMPILATION_MODE = wholemodule;
				VALIDATE_PRODUCT = YES;
			};
			name = Release;
		};
		E9027F232D91758A00EB4BA2 /* Debug */ = {
			isa = XCBuildConfiguration;
			buildSettings = {
				ASSETCATALOG_COMPILER_APPICON_NAME = AppIcon;
				ASSETCATALOG_COMPILER_GLOBAL_ACCENT_COLOR_NAME = AccentColor;
				CODE_SIGN_STYLE = Automatic;
				CURRENT_PROJECT_VERSION = 1;
				DEVELOPMENT_ASSET_PATHS = "\"BookxpertAppSwiftUI/Preview Content\"";
				ENABLE_PREVIEWS = YES;
				GENERATE_INFOPLIST_FILE = YES;
				INFOPLIST_KEY_UIApplicationSceneManifest_Generation = YES;
				INFOPLIST_KEY_UIApplicationSupportsIndirectInputEvents = YES;
				INFOPLIST_KEY_UILaunchScreen_Generation = YES;
				INFOPLIST_KEY_UISupportedInterfaceOrientations_iPad = "UIInterfaceOrientationPortrait UIInterfaceOrientationPortraitUpsideDown UIInterfaceOrientationLandscapeLeft UIInterfaceOrientationLandscapeRight";
				INFOPLIST_KEY_UISupportedInterfaceOrientations_iPhone = "UIInterfaceOrientationPortrait UIInterfaceOrientationLandscapeLeft UIInterfaceOrientationLandscapeRight";
				LD_RUNPATH_SEARCH_PATHS = (
					"$(inherited)",
					"@executable_path/Frameworks",
				);
				MARKETING_VERSION = 1.0;
				PRODUCT_BUNDLE_IDENTIFIER = com.rambabu.BookxpertAppSwiftUI;
				PRODUCT_NAME = "$(TARGET_NAME)";
				SWIFT_EMIT_LOC_STRINGS = YES;
				SWIFT_VERSION = 5.0;
				TARGETED_DEVICE_FAMILY = "1,2";
			};
			name = Debug;
		};
		E9027F242D91758A00EB4BA2 /* Release */ = {
			isa = XCBuildConfiguration;
			buildSettings = {
				ASSETCATALOG_COMPILER_APPICON_NAME = AppIcon;
				ASSETCATALOG_COMPILER_GLOBAL_ACCENT_COLOR_NAME = AccentColor;
				CODE_SIGN_STYLE = Automatic;
				CURRENT_PROJECT_VERSION = 1;
				DEVELOPMENT_ASSET_PATHS = "\"BookxpertAppSwiftUI/Preview Content\"";
				ENABLE_PREVIEWS = YES;
				GENERATE_INFOPLIST_FILE = YES;
				INFOPLIST_KEY_UIApplicationSceneManifest_Generation = YES;
				INFOPLIST_KEY_UIApplicationSupportsIndirectInputEvents = YES;
				INFOPLIST_KEY_UILaunchScreen_Generation = YES;
				INFOPLIST_KEY_UISupportedInterfaceOrientations_iPad = "UIInterfaceOrientationPortrait UIInterfaceOrientationPortraitUpsideDown UIInterfaceOrientationLandscapeLeft UIInterfaceOrientationLandscapeRight";
				INFOPLIST_KEY_UISupportedInterfaceOrientations_iPhone = "UIInterfaceOrientationPortrait UIInterfaceOrientationLandscapeLeft UIInterfaceOrientationLandscapeRight";
				LD_RUNPATH_SEARCH_PATHS = (
					"$(inherited)",
					"@executable_path/Frameworks",
				);
				MARKETING_VERSION = 1.0;
				PRODUCT_BUNDLE_IDENTIFIER = com.rambabu.BookxpertAppSwiftUI;
				PRODUCT_NAME = "$(TARGET_NAME)";
				SWIFT_EMIT_LOC_STRINGS = YES;
				SWIFT_VERSION = 5.0;
				TARGETED_DEVICE_FAMILY = "1,2";
			};
			name = Release;
		};
		E9027F262D91758A00EB4BA2 /* Debug */ = {
			isa = XCBuildConfiguration;
			buildSettings = {
				BUNDLE_LOADER = "$(TEST_HOST)";
				CODE_SIGN_STYLE = Automatic;
				CURRENT_PROJECT_VERSION = 1;
				GENERATE_INFOPLIST_FILE = YES;
				IPHONEOS_DEPLOYMENT_TARGET = 18.2;
				MARKETING_VERSION = 1.0;
				PRODUCT_BUNDLE_IDENTIFIER = com.rambabu.BookxpertAppSwiftUITests;
				PRODUCT_NAME = "$(TARGET_NAME)";
				SWIFT_EMIT_LOC_STRINGS = NO;
				SWIFT_VERSION = 5.0;
				TARGETED_DEVICE_FAMILY = "1,2";
				TEST_HOST = "$(BUILT_PRODUCTS_DIR)/BookxpertAppSwiftUI.app/$(BUNDLE_EXECUTABLE_FOLDER_PATH)/BookxpertAppSwiftUI";
			};
			name = Debug;
		};
		E9027F272D91758A00EB4BA2 /* Release */ = {
			isa = XCBuildConfiguration;
			buildSettings = {
				BUNDLE_LOADER = "$(TEST_HOST)";
				CODE_SIGN_STYLE = Automatic;
				CURRENT_PROJECT_VERSION = 1;
				GENERATE_INFOPLIST_FILE = YES;
				IPHONEOS_DEPLOYMENT_TARGET = 18.2;
				MARKETING_VERSION = 1.0;
				PRODUCT_BUNDLE_IDENTIFIER = com.rambabu.BookxpertAppSwiftUITests;
				PRODUCT_NAME = "$(TARGET_NAME)";
				SWIFT_EMIT_LOC_STRINGS = NO;
				SWIFT_VERSION = 5.0;
				TARGETED_DEVICE_FAMILY = "1,2";
				TEST_HOST = "$(BUILT_PRODUCTS_DIR)/BookxpertAppSwiftUI.app/$(BUNDLE_EXECUTABLE_FOLDER_PATH)/BookxpertAppSwiftUI";
			};
			name = Release;
		};
		E9027F292D91758A00EB4BA2 /* Debug */ = {
			isa = XCBuildConfiguration;
			buildSettings = {
				CODE_SIGN_STYLE = Automatic;
				CURRENT_PROJECT_VERSION = 1;
				GENERATE_INFOPLIST_FILE = YES;
				MARKETING_VERSION = 1.0;
				PRODUCT_BUNDLE_IDENTIFIER = com.rambabu.BookxpertAppSwiftUIUITests;
				PRODUCT_NAME = "$(TARGET_NAME)";
				SWIFT_EMIT_LOC_STRINGS = NO;
				SWIFT_VERSION = 5.0;
				TARGETED_DEVICE_FAMILY = "1,2";
				TEST_TARGET_NAME = BookxpertAppSwiftUI;
			};
			name = Debug;
		};
		E9027F2A2D91758A00EB4BA2 /* Release */ = {
			isa = XCBuildConfiguration;
			buildSettings = {
				CODE_SIGN_STYLE = Automatic;
				CURRENT_PROJECT_VERSION = 1;
				GENERATE_INFOPLIST_FILE = YES;
				MARKETING_VERSION = 1.0;
				PRODUCT_BUNDLE_IDENTIFIER = com.rambabu.BookxpertAppSwiftUIUITests;
				PRODUCT_NAME = "$(TARGET_NAME)";
				SWIFT_EMIT_LOC_STRINGS = NO;
				SWIFT_VERSION = 5.0;
				TARGETED_DEVICE_FAMILY = "1,2";
				TEST_TARGET_NAME = BookxpertAppSwiftUI;
			};
			name = Release;
		};
/* End XCBuildConfiguration section */

/* Begin XCConfigurationList section */
		E9027EF42D91758900EB4BA2 /* Build configuration list for PBXProject "BookxpertAppSwiftUI" */ = {
			isa = XCConfigurationList;
			buildConfigurations = (
				E9027F202D91758A00EB4BA2 /* Debug */,
				E9027F212D91758A00EB4BA2 /* Release */,
			);
			defaultConfigurationIsVisible = 0;
			defaultConfigurationName = Release;
		};
		E9027F222D91758A00EB4BA2 /* Build configuration list for PBXNativeTarget "BookxpertAppSwiftUI" */ = {
			isa = XCConfigurationList;
			buildConfigurations = (
				E9027F232D91758A00EB4BA2 /* Debug */,
				E9027F242D91758A00EB4BA2 /* Release */,
			);
			defaultConfigurationIsVisible = 0;
			defaultConfigurationName = Release;
		};
		E9027F252D91758A00EB4BA2 /* Build configuration list for PBXNativeTarget "BookxpertAppSwiftUITests" */ = {
			isa = XCConfigurationList;
			buildConfigurations = (
				E9027F262D91758A00EB4BA2 /* Debug */,
				E9027F272D91758A00EB4BA2 /* Release */,
			);
			defaultConfigurationIsVisible = 0;
			defaultConfigurationName = Release;
		};
		E9027F282D91758A00EB4BA2 /* Build configuration list for PBXNativeTarget "BookxpertAppSwiftUIUITests" */ = {
			isa = XCConfigurationList;
			buildConfigurations = (
				E9027F292D91758A00EB4BA2 /* Debug */,
				E9027F2A2D91758A00EB4BA2 /* Release */,
			);
			defaultConfigurationIsVisible = 0;
			defaultConfigurationName = Release;
		};
/* End XCConfigurationList section */
	};
	rootObject = E9027EF12D91758900EB4BA2 /* Project object */;
}
